<?xml version="1.0" encoding="utf-8"?>
<Project ToolsVersion="4.0" xmlns="http://schemas.microsoft.com/developer/msbuild/2003">
  <ItemGroup>
    <Filter Include="源文件">
      <UniqueIdentifier>{4FC737F1-C7A5-4376-A066-2A32D752A2FF}</UniqueIdentifier>
      <Extensions>cpp;c;cc;cxx;c++;cppm;ixx;def;odl;idl;hpj;bat;asm;asmx</Extensions>
    </Filter>
    <Filter Include="头文件">
      <UniqueIdentifier>{93995380-89BD-4b04-88EB-625FBE52EBFB}</UniqueIdentifier>
      <Extensions>h;hh;hpp;hxx;h++;hm;inl;inc;ipp;xsd</Extensions>
    </Filter>
    <Filter Include="Resource">
      <UniqueIdentifier>{6f27a012-bc8f-48fa-ba58-d0421543f665}</UniqueIdentifier>
    </Filter>
  </ItemGroup>
  <ItemGroup>
    <ClCompile Include="Source\private\Actor.cpp">
      <Filter>源文件</Filter>
    </ClCompile>
    <ClCompile Include="Source\private\ActorComponent.cpp">
      <Filter>源文件</Filter>
    </ClCompile>
    <ClCompile Include="Source\private\AnimInstance.cpp">
      <Filter>源文件</Filter>
    </ClCompile>
    <ClCompile Include="Source\private\AnimNode.cpp">
      <Filter>源文件</Filter>
    </ClCompile>
    <ClCompile Include="Source\private\AnimSequence.cpp">
      <Filter>源文件</Filter>
    </ClCompile>
    <ClCompile Include="Source\private\AssetManager.cpp">
      <Filter>源文件</Filter>
    </ClCompile>
    <ClCompile Include="Source\private\Character.cpp">
      <Filter>源文件</Filter>
    </ClCompile>
    <ClCompile Include="Source\private\DX12DynamicRHI.cpp">
      <Filter>源文件</Filter>
    </ClCompile>
    <ClCompile Include="Source\private\DynamicRHI.cpp">
      <Filter>源文件</Filter>
    </ClCompile>
    <ClCompile Include="Source\private\Engine.cpp">
      <Filter>源文件</Filter>
    </ClCompile>
    <ClCompile Include="Source\private\FrameResourceManager.cpp">
      <Filter>源文件</Filter>
    </ClCompile>
    <ClCompile Include="Source\private\Joint.cpp">
      <Filter>源文件</Filter>
    </ClCompile>
    <ClCompile Include="Source\private\Light.cpp">
      <Filter>源文件</Filter>
    </ClCompile>
    <ClCompile Include="Source\private\Main.cpp">
      <Filter>源文件</Filter>
    </ClCompile>
    <ClCompile Include="Source\private\MathExtend.cpp">
      <Filter>源文件</Filter>
    </ClCompile>
    <ClCompile Include="Source\private\Renderer.cpp">
      <Filter>源文件</Filter>
    </ClCompile>
    <ClCompile Include="Source\private\RenderThread.cpp">
      <Filter>源文件</Filter>
    </ClCompile>
    <ClCompile Include="Source\private\Scene.cpp">
      <Filter>源文件</Filter>
    </ClCompile>
    <ClCompile Include="Source\private\SkeletalMesh.cpp">
      <Filter>源文件</Filter>
    </ClCompile>
    <ClCompile Include="Source\private\Skeleton.cpp">
      <Filter>源文件</Filter>
    </ClCompile>
    <ClCompile Include="Source\private\SkinnedWeightVertex.cpp">
      <Filter>源文件</Filter>
    </ClCompile>
    <ClCompile Include="Source\private\StaticMesh.cpp">
      <Filter>源文件</Filter>
    </ClCompile>
    <ClCompile Include="Source\private\StaticVertex.cpp">
      <Filter>源文件</Filter>
    </ClCompile>
    <ClCompile Include="Source\private\stdafx.cpp">
      <Filter>源文件</Filter>
    </ClCompile>
    <ClCompile Include="Source\private\Thread.cpp">
      <Filter>源文件</Filter>
    </ClCompile>
    <ClCompile Include="Source\private\Track.cpp">
      <Filter>源文件</Filter>
    </ClCompile>
    <ClCompile Include="Source\private\Win32Application.cpp">
      <Filter>源文件</Filter>
    </ClCompile>
    <ClCompile Include="Source\private\Camera.cpp">
      <Filter>源文件</Filter>
    </ClCompile>
    <ClCompile Include="Source\private\GameThread.cpp">
      <Filter>源文件</Filter>
    </ClCompile>
  </ItemGroup>
  <ItemGroup>
    <ClInclude Include="Source\public\Actor.h">
      <Filter>头文件</Filter>
    </ClInclude>
    <ClInclude Include="Source\public\ActorComponent.h">
      <Filter>头文件</Filter>
    </ClInclude>
    <ClInclude Include="Source\public\AssetManager.h">
      <Filter>头文件</Filter>
    </ClInclude>
    <ClInclude Include="Source\public\Character.h">
      <Filter>头文件</Filter>
    </ClInclude>
    <ClInclude Include="Source\public\d3dx12.h">
      <Filter>头文件</Filter>
    </ClInclude>
    <ClInclude Include="Source\public\DXSampleHelper.h">
      <Filter>头文件</Filter>
    </ClInclude>
    <ClInclude Include="Source\public\Engine.h">
      <Filter>头文件</Filter>
    </ClInclude>
    <ClInclude Include="Source\public\FrameResourceManager.h">
      <Filter>头文件</Filter>
    </ClInclude>
    <ClInclude Include="Source\public\Light.h">
      <Filter>头文件</Filter>
    </ClInclude>
    <ClInclude Include="Source\public\MathExtend.h">
      <Filter>头文件</Filter>
    </ClInclude>
    <ClInclude Include="Source\public\Renderer.h">
      <Filter>头文件</Filter>
    </ClInclude>
    <ClInclude Include="Source\public\Scene.h">
      <Filter>头文件</Filter>
    </ClInclude>
    <ClInclude Include="Source\public\stdafx.h">
      <Filter>头文件</Filter>
    </ClInclude>
    <ClInclude Include="Source\public\StepTimer.h">
      <Filter>头文件</Filter>
    </ClInclude>
    <ClInclude Include="Source\public\Win32Application.h">
      <Filter>头文件</Filter>
    </ClInclude>
    <ClInclude Include="Source\public\RHI\DX12DynamicRHI.h">
      <Filter>头文件</Filter>
    </ClInclude>
    <ClInclude Include="Source\public\RHI\DX12Resource.h">
      <Filter>头文件</Filter>
    </ClInclude>
    <ClInclude Include="Source\public\RHI\DynamicRHI.h">
      <Filter>头文件</Filter>
    </ClInclude>
    <ClInclude Include="Source\public\RHI\RHIResource.h">
      <Filter>头文件</Filter>
    </ClInclude>
    <ClInclude Include="Source\public\SkeletonAnimation\AnimInstance.h">
      <Filter>头文件</Filter>
    </ClInclude>
    <ClInclude Include="Source\public\SkeletonAnimation\AnimNode.h">
      <Filter>头文件</Filter>
    </ClInclude>
    <ClInclude Include="Source\public\SkeletonAnimation\AnimSequence.h">
      <Filter>头文件</Filter>
    </ClInclude>
    <ClInclude Include="Source\public\SkeletonAnimation\Joint.h">
      <Filter>头文件</Filter>
    </ClInclude>
    <ClInclude Include="Source\public\SkeletonAnimation\SkeletalMesh.h">
      <Filter>头文件</Filter>
    </ClInclude>
    <ClInclude Include="Source\public\SkeletonAnimation\Skeleton.h">
      <Filter>头文件</Filter>
    </ClInclude>
    <ClInclude Include="Source\public\SkeletonAnimation\SkinnedWeightVertex.h">
      <Filter>头文件</Filter>
    </ClInclude>
    <ClInclude Include="Source\public\SkeletonAnimation\Track.h">
      <Filter>头文件</Filter>
    </ClInclude>
    <ClInclude Include="Source\public\StaticMesh\StaticMesh.h">
      <Filter>头文件</Filter>
    </ClInclude>
    <ClInclude Include="Source\public\StaticMesh\StaticVertex.h">
      <Filter>头文件</Filter>
    </ClInclude>
    <ClInclude Include="Source\public\Thread\RenderThread.h">
      <Filter>头文件</Filter>
    </ClInclude>
    <ClInclude Include="Source\public\Thread\Thread.h">
      <Filter>头文件</Filter>
    </ClInclude>
    <ClInclude Include="Source\public\Camera.h">
      <Filter>头文件</Filter>
    </ClInclude>
    <ClInclude Include="Source\public\Thread\GameThread.h">
      <Filter>头文件</Filter>
    </ClInclude>
  </ItemGroup>
</Project>